
Microsoft Visual Studio Solution File, Format Version 12.00
# Visual Studio 15
VisualStudioVersion = 15.0.28010.2019
MinimumVisualStudioVersion = 10.0.40219.1
Project("{FAE04EC0-301F-11D3-BF4B-00C04F79EFBC}") = "BatchServiceApp", "BatchServiceApp\BatchServiceApp.csproj", "{A5C5C414-4E66-4882-8E4F-15D925A8DB8F}"
EndProject
Global
	GlobalSection(SolutionConfigurationPlatforms) = preSolution
		Debug|Any CPU = Debug|Any CPU
		Release|Any CPU = Release|Any CPU
	EndGlobalSection
	GlobalSection(ProjectConfigurationPlatforms) = postSolution
		{A5C5C414-4E66-4882-8E4F-15D925A8DB8F}.Debug|Any CPU.ActiveCfg = Debug|Any CPU
		{A5C5C414-4E66-4882-8E4F-15D925A8DB8F}.Debug|Any CPU.Build.0 = Debug|Any CPU
		{A5C5C414-4E66-4882-8E4F-15D925A8DB8F}.Release|Any CPU.ActiveCfg = Release|Any CPU
		{A5C5C414-4E66-4882-8E4F-15D925A8DB8F}.Release|Any CPU.Build.0 = Release|Any CPU
	EndGlobalSection
	GlobalSection(SolutionProperties) = preSolution
		HideSolutionNode = FALSE
	EndGlobalSection
	GlobalSection(ExtensibilityGlobals) = postSolution
		SolutionGuid = {C3D5B265-9D5F-4467-8EC0-B1A397EA5B24}
	EndGlobalSection
EndGlobal
