
Microsoft Visual Studio Solution File, Format Version 12.00
# Visual Studio 15
VisualStudioVersion = 15.0.28010.2046
MinimumVisualStudioVersion = 10.0.40219.1
Project("{FAE04EC0-301F-11D3-BF4B-00C04F79EFBC}") = "FunctionApp1", "FunctionApp1\FunctionApp1.csproj", "{25FE0AA7-7D40-4431-9041-F6B658173635}"
EndProject
Global
	GlobalSection(SolutionConfigurationPlatforms) = preSolution
		Debug|Any CPU = Debug|Any CPU
		Release|Any CPU = Release|Any CPU
	EndGlobalSection
	GlobalSection(ProjectConfigurationPlatforms) = postSolution
		{25FE0AA7-7D40-4431-9041-F6B658173635}.Debug|Any CPU.ActiveCfg = Debug|Any CPU
		{25FE0AA7-7D40-4431-9041-F6B658173635}.Debug|Any CPU.Build.0 = Debug|Any CPU
		{25FE0AA7-7D40-4431-9041-F6B658173635}.Release|Any CPU.ActiveCfg = Release|Any CPU
		{25FE0AA7-7D40-4431-9041-F6B658173635}.Release|Any CPU.Build.0 = Release|Any CPU
	EndGlobalSection
	GlobalSection(SolutionProperties) = preSolution
		HideSolutionNode = FALSE
	EndGlobalSection
	GlobalSection(ExtensibilityGlobals) = postSolution
		SolutionGuid = {0FADC79F-D6E6-4039-990C-B298A1D92EC8}
	EndGlobalSection
EndGlobal
