
Microsoft Visual Studio Solution File, Format Version 12.00
# Visual Studio 15
VisualStudioVersion = 15.0.27703.2035
MinimumVisualStudioVersion = 10.0.40219.1
Project("{A07B5EB6-E848-4116-A8D0-A826331D98C6}") = "PackSFApplication", "PackSFApplication\PackSFApplication.sfproj", "{9994F6FF-D956-488D-A699-B9A1AA262992}"
EndProject
Project("{9A19103F-16F7-4668-BE54-9A1E7A4F7556}") = "PacktStatefulService", "PacktStatefullService\PacktStatefulService.csproj", "{892D6EB9-0271-4D2D-AC09-2262D56C1B7F}"
EndProject
Global
	GlobalSection(SolutionConfigurationPlatforms) = preSolution
		Debug|Any CPU = Debug|Any CPU
		Debug|x64 = Debug|x64
		Release|Any CPU = Release|Any CPU
		Release|x64 = Release|x64
	EndGlobalSection
	GlobalSection(ProjectConfigurationPlatforms) = postSolution
		{9994F6FF-D956-488D-A699-B9A1AA262992}.Debug|Any CPU.ActiveCfg = Debug|x64
		{9994F6FF-D956-488D-A699-B9A1AA262992}.Debug|x64.ActiveCfg = Debug|x64
		{9994F6FF-D956-488D-A699-B9A1AA262992}.Debug|x64.Build.0 = Debug|x64
		{9994F6FF-D956-488D-A699-B9A1AA262992}.Debug|x64.Deploy.0 = Debug|x64
		{9994F6FF-D956-488D-A699-B9A1AA262992}.Release|Any CPU.ActiveCfg = Release|x64
		{9994F6FF-D956-488D-A699-B9A1AA262992}.Release|x64.ActiveCfg = Release|x64
		{9994F6FF-D956-488D-A699-B9A1AA262992}.Release|x64.Build.0 = Release|x64
		{9994F6FF-D956-488D-A699-B9A1AA262992}.Release|x64.Deploy.0 = Release|x64
		{892D6EB9-0271-4D2D-AC09-2262D56C1B7F}.Debug|Any CPU.ActiveCfg = Debug|Any CPU
		{892D6EB9-0271-4D2D-AC09-2262D56C1B7F}.Debug|Any CPU.Build.0 = Debug|Any CPU
		{892D6EB9-0271-4D2D-AC09-2262D56C1B7F}.Debug|x64.ActiveCfg = Debug|Any CPU
		{892D6EB9-0271-4D2D-AC09-2262D56C1B7F}.Debug|x64.Build.0 = Debug|Any CPU
		{892D6EB9-0271-4D2D-AC09-2262D56C1B7F}.Release|Any CPU.ActiveCfg = Release|Any CPU
		{892D6EB9-0271-4D2D-AC09-2262D56C1B7F}.Release|Any CPU.Build.0 = Release|Any CPU
		{892D6EB9-0271-4D2D-AC09-2262D56C1B7F}.Release|x64.ActiveCfg = Release|Any CPU
		{892D6EB9-0271-4D2D-AC09-2262D56C1B7F}.Release|x64.Build.0 = Release|Any CPU
	EndGlobalSection
	GlobalSection(SolutionProperties) = preSolution
		HideSolutionNode = FALSE
	EndGlobalSection
	GlobalSection(ExtensibilityGlobals) = postSolution
		SolutionGuid = {C5383686-D632-4E00-B9E8-05791125B527}
	EndGlobalSection
EndGlobal
