
Microsoft Visual Studio Solution File, Format Version 12.00
# Visual Studio 15
VisualStudioVersion = 15.0.28010.2048
MinimumVisualStudioVersion = 10.0.40219.1
Project("{FAE04EC0-301F-11D3-BF4B-00C04F79EFBC}") = "CosmosMongoDbConnection", "CosmosMongoDbConnection\CosmosMongoDbConnection.csproj", "{A3837047-5747-48E9-8D6C-47F51BA93E5F}"
EndProject
Global
	GlobalSection(SolutionConfigurationPlatforms) = preSolution
		Debug|Any CPU = Debug|Any CPU
		Release|Any CPU = Release|Any CPU
	EndGlobalSection
	GlobalSection(ProjectConfigurationPlatforms) = postSolution
		{A3837047-5747-48E9-8D6C-47F51BA93E5F}.Debug|Any CPU.ActiveCfg = Debug|Any CPU
		{A3837047-5747-48E9-8D6C-47F51BA93E5F}.Debug|Any CPU.Build.0 = Debug|Any CPU
		{A3837047-5747-48E9-8D6C-47F51BA93E5F}.Release|Any CPU.ActiveCfg = Release|Any CPU
		{A3837047-5747-48E9-8D6C-47F51BA93E5F}.Release|Any CPU.Build.0 = Release|Any CPU
	EndGlobalSection
	GlobalSection(SolutionProperties) = preSolution
		HideSolutionNode = FALSE
	EndGlobalSection
	GlobalSection(ExtensibilityGlobals) = postSolution
		SolutionGuid = {8F360ABF-7F6B-4361-968F-267581B284F7}
	EndGlobalSection
EndGlobal
