
Microsoft Visual Studio Solution File, Format Version 12.00
# Visual Studio Version 16
VisualStudioVersion = 16.0.29306.81
MinimumVisualStudioVersion = 10.0.40219.1
Project("{A07B5EB6-E848-4116-A8D0-A826331D98C6}") = "PackSFApplication1", "PackSFApplication1\PackSFApplication1.sfproj", "{FC90A976-DBAD-4790-B7C5-6D3575C32440}"
EndProject
Project("{FAE04EC0-301F-11D3-BF4B-00C04F79EFBC}") = "PacktStatefulService", "PacktStatefulService\PacktStatefulService.csproj", "{F766C3D7-9D6B-4DCA-A420-1428DF720EB7}"
EndProject
Global
	GlobalSection(SolutionConfigurationPlatforms) = preSolution
		Debug|Any CPU = Debug|Any CPU
		Debug|x64 = Debug|x64
		Release|Any CPU = Release|Any CPU
		Release|x64 = Release|x64
	EndGlobalSection
	GlobalSection(ProjectConfigurationPlatforms) = postSolution
		{FC90A976-DBAD-4790-B7C5-6D3575C32440}.Debug|Any CPU.ActiveCfg = Debug|x64
		{FC90A976-DBAD-4790-B7C5-6D3575C32440}.Debug|x64.ActiveCfg = Debug|x64
		{FC90A976-DBAD-4790-B7C5-6D3575C32440}.Debug|x64.Build.0 = Debug|x64
		{FC90A976-DBAD-4790-B7C5-6D3575C32440}.Debug|x64.Deploy.0 = Debug|x64
		{FC90A976-DBAD-4790-B7C5-6D3575C32440}.Release|Any CPU.ActiveCfg = Release|x64
		{FC90A976-DBAD-4790-B7C5-6D3575C32440}.Release|x64.ActiveCfg = Release|x64
		{FC90A976-DBAD-4790-B7C5-6D3575C32440}.Release|x64.Build.0 = Release|x64
		{FC90A976-DBAD-4790-B7C5-6D3575C32440}.Release|x64.Deploy.0 = Release|x64
		{F766C3D7-9D6B-4DCA-A420-1428DF720EB7}.Debug|Any CPU.ActiveCfg = Debug|Any CPU
		{F766C3D7-9D6B-4DCA-A420-1428DF720EB7}.Debug|Any CPU.Build.0 = Debug|Any CPU
		{F766C3D7-9D6B-4DCA-A420-1428DF720EB7}.Debug|x64.ActiveCfg = Debug|Any CPU
		{F766C3D7-9D6B-4DCA-A420-1428DF720EB7}.Debug|x64.Build.0 = Debug|Any CPU
		{F766C3D7-9D6B-4DCA-A420-1428DF720EB7}.Release|Any CPU.ActiveCfg = Release|Any CPU
		{F766C3D7-9D6B-4DCA-A420-1428DF720EB7}.Release|Any CPU.Build.0 = Release|Any CPU
		{F766C3D7-9D6B-4DCA-A420-1428DF720EB7}.Release|x64.ActiveCfg = Release|Any CPU
		{F766C3D7-9D6B-4DCA-A420-1428DF720EB7}.Release|x64.Build.0 = Release|Any CPU
	EndGlobalSection
	GlobalSection(SolutionProperties) = preSolution
		HideSolutionNode = FALSE
	EndGlobalSection
	GlobalSection(ExtensibilityGlobals) = postSolution
		SolutionGuid = {DC6EA89C-6E65-4C22-9A9C-9736A689C614}
	EndGlobalSection
EndGlobal
